
Microsoft Visual Studio Solution File, Format Version 12.00
# Visual Studio Version 17
VisualStudioVersion = 17.14.36401.2
MinimumVisualStudioVersion = 10.0.40219.1
Project("{FAE04EC0-301F-11D3-BF4B-00C04F79EFBC}") = "RealEstateAPI", "RealEstateAPI\RealEstateAPI.csproj", "{D8566122-639F-43AD-881E-048C0162C477}"
EndProject
Project("{FAE04EC0-301F-11D3-BF4B-00C04F79EFBC}") = "RealEstateAPI.Application", "RealEstateAPI.Application\RealEstateAPI.Application.csproj", "{D940C9E8-6363-493B-AF7C-5A8E9E3ADFE5}"
EndProject
Project("{FAE04EC0-301F-11D3-BF4B-00C04F79EFBC}") = "RealEstateAPI.Domain", "RealEstateAPI.Domain\RealEstateAPI.Domain.csproj", "{C8EEE24B-D507-4D33-AC99-441D58365C92}"
EndProject
Project("{FAE04EC0-301F-11D3-BF4B-00C04F79EFBC}") = "RealEstateAPI.Infrastructure", "RealEstateAPI.Infrastructure\RealEstateAPI.Infrastructure.csproj", "{38EE86A9-58C2-4B8D-858E-05DA97C9E052}"
EndProject
Project("{FAE04EC0-301F-11D3-BF4B-00C04F79EFBC}") = "RealEstateAPI.Tests", "RealEstateAPI.Tests\RealEstateAPI.Tests.csproj", "{30E94DEC-FFDB-478C-859E-F59613084EFC}"
EndProject
Global
	GlobalSection(SolutionConfigurationPlatforms) = preSolution
		Debug|Any CPU = Debug|Any CPU
		Release|Any CPU = Release|Any CPU
	EndGlobalSection
	GlobalSection(ProjectConfigurationPlatforms) = postSolution
		{D8566122-639F-43AD-881E-048C0162C477}.Debug|Any CPU.ActiveCfg = Debug|Any CPU
		{D8566122-639F-43AD-881E-048C0162C477}.Debug|Any CPU.Build.0 = Debug|Any CPU
		{D8566122-639F-43AD-881E-048C0162C477}.Release|Any CPU.ActiveCfg = Release|Any CPU
		{D8566122-639F-43AD-881E-048C0162C477}.Release|Any CPU.Build.0 = Release|Any CPU
		{D940C9E8-6363-493B-AF7C-5A8E9E3ADFE5}.Debug|Any CPU.ActiveCfg = Debug|Any CPU
		{D940C9E8-6363-493B-AF7C-5A8E9E3ADFE5}.Debug|Any CPU.Build.0 = Debug|Any CPU
		{D940C9E8-6363-493B-AF7C-5A8E9E3ADFE5}.Release|Any CPU.ActiveCfg = Release|Any CPU
		{D940C9E8-6363-493B-AF7C-5A8E9E3ADFE5}.Release|Any CPU.Build.0 = Release|Any CPU
		{C8EEE24B-D507-4D33-AC99-441D58365C92}.Debug|Any CPU.ActiveCfg = Debug|Any CPU
		{C8EEE24B-D507-4D33-AC99-441D58365C92}.Debug|Any CPU.Build.0 = Debug|Any CPU
		{C8EEE24B-D507-4D33-AC99-441D58365C92}.Release|Any CPU.ActiveCfg = Release|Any CPU
		{C8EEE24B-D507-4D33-AC99-441D58365C92}.Release|Any CPU.Build.0 = Release|Any CPU
		{38EE86A9-58C2-4B8D-858E-05DA97C9E052}.Debug|Any CPU.ActiveCfg = Debug|Any CPU
		{38EE86A9-58C2-4B8D-858E-05DA97C9E052}.Debug|Any CPU.Build.0 = Debug|Any CPU
		{38EE86A9-58C2-4B8D-858E-05DA97C9E052}.Release|Any CPU.ActiveCfg = Release|Any CPU
		{38EE86A9-58C2-4B8D-858E-05DA97C9E052}.Release|Any CPU.Build.0 = Release|Any CPU
		{30E94DEC-FFDB-478C-859E-F59613084EFC}.Debug|Any CPU.ActiveCfg = Debug|Any CPU
		{30E94DEC-FFDB-478C-859E-F59613084EFC}.Debug|Any CPU.Build.0 = Debug|Any CPU
		{30E94DEC-FFDB-478C-859E-F59613084EFC}.Release|Any CPU.ActiveCfg = Release|Any CPU
		{30E94DEC-FFDB-478C-859E-F59613084EFC}.Release|Any CPU.Build.0 = Release|Any CPU
	EndGlobalSection
	GlobalSection(SolutionProperties) = preSolution
		HideSolutionNode = FALSE
	EndGlobalSection
	GlobalSection(ExtensibilityGlobals) = postSolution
		SolutionGuid = {3637EC31-E1EA-4A7F-9468-5EBE12EE7A75}
	EndGlobalSection
EndGlobal
